
Microsoft Visual Studio Solution File, Format Version 12.00
# Visual Studio Version 16
VisualStudioVersion = 16.0.30907.101
MinimumVisualStudioVersion = 10.0.40219.1
Project("{8BC9CEB8-8B4A-11D0-8D11-00A0C91BC942}") = "GitDemo", "GitDemo.vcxproj", "{1FDA5157-4533-48B5-9723-1F5F38B87A3C}"
EndProject
Global
	GlobalSection(SolutionConfigurationPlatforms) = preSolution
		Debug|x64 = Debug|x64
		Release|x64 = Release|x64
	EndGlobalSection
	GlobalSection(ProjectConfigurationPlatforms) = postSolution
		{1FDA5157-4533-48B5-9723-1F5F38B87A3C}.Debug|x64.ActiveCfg = Debug|x64
		{1FDA5157-4533-48B5-9723-1F5F38B87A3C}.Debug|x64.Build.0 = Debug|x64
		{1FDA5157-4533-48B5-9723-1F5F38B87A3C}.Release|x64.ActiveCfg = Release|x64
		{1FDA5157-4533-48B5-9723-1F5F38B87A3C}.Release|x64.Build.0 = Release|x64
	EndGlobalSection
	GlobalSection(SolutionProperties) = preSolution
		HideSolutionNode = FALSE
	EndGlobalSection
	GlobalSection(ExtensibilityGlobals) = postSolution
		SolutionGuid = {4F38502D-F199-4CF3-B871-269A51611258}
	EndGlobalSection
EndGlobal
